{
  "name": "Automated Disbursment Scorecard",
  "lockfileVersion": 3,
  "requires": true,
  "packages": {
    "": {
      "dependencies": {
        "html2js": "^0.2.0"
      }
    },
    "node_modules/html2js": {
      "version": "0.2.0",
      "resolved": "https://registry.npmjs.org/html2js/-/html2js-0.2.0.tgz",
      "integrity": "sha512-pOeSAX3F8Swd0pLVCIqcvlINzBjzQJ22EkD8/UH7XtntW7EugFFLI/lbdyOZ+6l8Lq805OG5sZNIG8+Jz6H8SQ=="
    }
  }
}
